
Microsoft Visual Studio Solution File, Format Version 12.00
# Visual Studio Version 17
VisualStudioVersion = 17.2.32526.322
MinimumVisualStudioVersion = 10.0.40219.1
Project("{FAE04EC0-301F-11D3-BF4B-00C04F79EFBC}") = "20220924", "20220924\20220924.csproj", "{4220097C-522C-4FDD-AFCD-87708275E24D}"
EndProject
Global
	GlobalSection(SolutionConfigurationPlatforms) = preSolution
		Debug|Any CPU = Debug|Any CPU
		Release|Any CPU = Release|Any CPU
	EndGlobalSection
	GlobalSection(ProjectConfigurationPlatforms) = postSolution
		{4220097C-522C-4FDD-AFCD-87708275E24D}.Debug|Any CPU.ActiveCfg = Debug|Any CPU
		{4220097C-522C-4FDD-AFCD-87708275E24D}.Debug|Any CPU.Build.0 = Debug|Any CPU
		{4220097C-522C-4FDD-AFCD-87708275E24D}.Release|Any CPU.ActiveCfg = Release|Any CPU
		{4220097C-522C-4FDD-AFCD-87708275E24D}.Release|Any CPU.Build.0 = Release|Any CPU
	EndGlobalSection
	GlobalSection(SolutionProperties) = preSolution
		HideSolutionNode = FALSE
	EndGlobalSection
	GlobalSection(ExtensibilityGlobals) = postSolution
		SolutionGuid = {E80DCFB9-CE5A-48DD-AFE9-E71BE0879AF6}
	EndGlobalSection
EndGlobal
